
Microsoft Visual Studio Solution File, Format Version 12.00
# Visual Studio 2015
Project("{FAE04EC0-301F-11D3-BF4B-00C04F79EFBC}") = "Audio-Space-Samsung-Hackathon.CSharp", "Audio-Space-Samsung-Hackathon.CSharp.csproj", "{71DD8C02-C0E4-B15D-91C5-91BF0CB7250F}"
EndProject
Project("{FAE04EC0-301F-11D3-BF4B-00C04F79EFBC}") = "Audio-Space-Samsung-Hackathon.CSharp.Editor", "Audio-Space-Samsung-Hackathon.CSharp.Editor.csproj", "{329278A1-0953-8C86-402E-3067071BF378}"
EndProject
Global
	GlobalSection(SolutionConfigurationPlatforms) = preSolution
		Debug|Any CPU = Debug|Any CPU
		Release|Any CPU = Release|Any CPU
	EndGlobalSection
	GlobalSection(ProjectConfigurationPlatforms) = postSolution
		{71DD8C02-C0E4-B15D-91C5-91BF0CB7250F}.Debug|Any CPU.ActiveCfg = Debug|Any CPU
		{71DD8C02-C0E4-B15D-91C5-91BF0CB7250F}.Debug|Any CPU.Build.0 = Debug|Any CPU
		{71DD8C02-C0E4-B15D-91C5-91BF0CB7250F}.Release|Any CPU.ActiveCfg = Release|Any CPU
		{71DD8C02-C0E4-B15D-91C5-91BF0CB7250F}.Release|Any CPU.Build.0 = Release|Any CPU
		{329278A1-0953-8C86-402E-3067071BF378}.Debug|Any CPU.ActiveCfg = Debug|Any CPU
		{329278A1-0953-8C86-402E-3067071BF378}.Debug|Any CPU.Build.0 = Debug|Any CPU
		{329278A1-0953-8C86-402E-3067071BF378}.Release|Any CPU.ActiveCfg = Release|Any CPU
		{329278A1-0953-8C86-402E-3067071BF378}.Release|Any CPU.Build.0 = Release|Any CPU
	EndGlobalSection
	GlobalSection(SolutionProperties) = preSolution
		HideSolutionNode = FALSE
	EndGlobalSection
EndGlobal
