
Microsoft Visual Studio Solution File, Format Version 12.00
# Visual Studio 2015
Project("{FAE04EC0-301F-11D3-BF4B-00C04F79EFBC}") = "Audio Space Samsung Reality Hackathon.CSharp", "Audio Space Samsung Reality Hackathon.CSharp.csproj", "{2807C9A3-7EFA-6546-A589-3DB70389429E}"
EndProject
Project("{FAE04EC0-301F-11D3-BF4B-00C04F79EFBC}") = "Audio Space Samsung Reality Hackathon.CSharp.Editor", "Audio Space Samsung Reality Hackathon.CSharp.Editor.csproj", "{783DA7D4-F780-0C46-5EB9-2221A6C1A2B9}"
EndProject
Global
	GlobalSection(SolutionConfigurationPlatforms) = preSolution
		Debug|Any CPU = Debug|Any CPU
		Release|Any CPU = Release|Any CPU
	EndGlobalSection
	GlobalSection(ProjectConfigurationPlatforms) = postSolution
		{2807C9A3-7EFA-6546-A589-3DB70389429E}.Debug|Any CPU.ActiveCfg = Debug|Any CPU
		{2807C9A3-7EFA-6546-A589-3DB70389429E}.Debug|Any CPU.Build.0 = Debug|Any CPU
		{2807C9A3-7EFA-6546-A589-3DB70389429E}.Release|Any CPU.ActiveCfg = Release|Any CPU
		{2807C9A3-7EFA-6546-A589-3DB70389429E}.Release|Any CPU.Build.0 = Release|Any CPU
		{783DA7D4-F780-0C46-5EB9-2221A6C1A2B9}.Debug|Any CPU.ActiveCfg = Debug|Any CPU
		{783DA7D4-F780-0C46-5EB9-2221A6C1A2B9}.Debug|Any CPU.Build.0 = Debug|Any CPU
		{783DA7D4-F780-0C46-5EB9-2221A6C1A2B9}.Release|Any CPU.ActiveCfg = Release|Any CPU
		{783DA7D4-F780-0C46-5EB9-2221A6C1A2B9}.Release|Any CPU.Build.0 = Release|Any CPU
	EndGlobalSection
	GlobalSection(SolutionProperties) = preSolution
		HideSolutionNode = FALSE
	EndGlobalSection
EndGlobal
